
Microsoft Visual Studio Solution File, Format Version 12.00
# Visual Studio 15
VisualStudioVersion = 15.0.26403.7
MinimumVisualStudioVersion = 10.0.40219.1
Project("{FAE04EC0-301F-11D3-BF4B-00C04F79EFBC}") = "ProgressBarTivaR", "ProgressBarTivaR\ProgressBarTivaR.csproj", "{A603B106-BDCE-4B95-8BA3-0E7D99608B4E}"
EndProject
Global
	GlobalSection(SolutionConfigurationPlatforms) = preSolution
		Debug|Any CPU = Debug|Any CPU
		Release|Any CPU = Release|Any CPU
	EndGlobalSection
	GlobalSection(ProjectConfigurationPlatforms) = postSolution
		{A603B106-BDCE-4B95-8BA3-0E7D99608B4E}.Debug|Any CPU.ActiveCfg = Debug|Any CPU
		{A603B106-BDCE-4B95-8BA3-0E7D99608B4E}.Debug|Any CPU.Build.0 = Debug|Any CPU
		{A603B106-BDCE-4B95-8BA3-0E7D99608B4E}.Release|Any CPU.ActiveCfg = Release|Any CPU
		{A603B106-BDCE-4B95-8BA3-0E7D99608B4E}.Release|Any CPU.Build.0 = Release|Any CPU
	EndGlobalSection
	GlobalSection(SolutionProperties) = preSolution
		HideSolutionNode = FALSE
	EndGlobalSection
EndGlobal
